
Microsoft Visual Studio Solution File, Format Version 12.00
Project("{FAE04EC0-301F-11D3-BF4B-00C04F79EFBC}") = "ApiGateway", "ApiGateway\ApiGateway.csproj", "{8D4A8BB2-F0D7-4D2F-AF94-8225C7F1267B}"
EndProject
Project("{FAE04EC0-301F-11D3-BF4B-00C04F79EFBC}") = "DataAccess", "DataAccess\DataAccess.csproj", "{5E774C11-505E-4FEE-A4D0-68C11DFA1313}"
EndProject
Project("{FAE04EC0-301F-11D3-BF4B-00C04F79EFBC}") = "Util", "Util\Util.csproj", "{4F971D6A-9AE5-4E66-8CCF-A39E0989895C}"
EndProject
Project("{FAE04EC0-301F-11D3-BF4B-00C04F79EFBC}") = "Common", "Common\Common.csproj", "{0FF022A1-9577-466D-9548-136137968AC7}"
EndProject
Project("{FAE04EC0-301F-11D3-BF4B-00C04F79EFBC}") = "Telemetry", "Telemetry\Telemetry.csproj", "{28EC5F37-BF53-4E09-AFC1-EBCEB92453E0}"
EndProject
Project("{2150E333-8FDC-42A3-9474-1A3956D46DE8}") = "Src", "Src", "{F0FD980B-98EF-4167-8DA3-1F2091EB995E}"
EndProject
Project("{2150E333-8FDC-42A3-9474-1A3956D46DE8}") = "Tests", "Tests", "{CDED015C-A563-4940-BF50-19B6939FCE05}"
EndProject
Project("{FAE04EC0-301F-11D3-BF4B-00C04F79EFBC}") = "ApiGateway.UnitTests", "ApiGateway.UnitTests\ApiGateway.UnitTests.csproj", "{0318C2EF-33E6-490B-91FE-39189703BEE9}"
EndProject
Project("{FAE04EC0-301F-11D3-BF4B-00C04F79EFBC}") = "ApiGateway.IntegrationTests", "ApiGateway.IntegrationTests\ApiGateway.IntegrationTests.csproj", "{53D1D0CA-E970-4FC8-859E-4DCB1EA746DC}"
EndProject
Project("{FAE04EC0-301F-11D3-BF4B-00C04F79EFBC}") = "IdentityService", "IdentityService\IdentityService.csproj", "{F714D1F8-AE56-4702-A765-0F5F50B27C9E}"
EndProject
Project("{FAE04EC0-301F-11D3-BF4B-00C04F79EFBC}") = "AuthService", "AuthService\AuthService.csproj", "{693F5D31-6B65-45B6-8167-7EC131EEA633}"
EndProject
Global
	GlobalSection(SolutionConfigurationPlatforms) = preSolution
		Debug|Any CPU = Debug|Any CPU
		Release|Any CPU = Release|Any CPU
	EndGlobalSection
	GlobalSection(ProjectConfigurationPlatforms) = postSolution
		{8D4A8BB2-F0D7-4D2F-AF94-8225C7F1267B}.Debug|Any CPU.ActiveCfg = Debug|Any CPU
		{8D4A8BB2-F0D7-4D2F-AF94-8225C7F1267B}.Debug|Any CPU.Build.0 = Debug|Any CPU
		{8D4A8BB2-F0D7-4D2F-AF94-8225C7F1267B}.Release|Any CPU.ActiveCfg = Release|Any CPU
		{8D4A8BB2-F0D7-4D2F-AF94-8225C7F1267B}.Release|Any CPU.Build.0 = Release|Any CPU
		{5E774C11-505E-4FEE-A4D0-68C11DFA1313}.Debug|Any CPU.ActiveCfg = Debug|Any CPU
		{5E774C11-505E-4FEE-A4D0-68C11DFA1313}.Debug|Any CPU.Build.0 = Debug|Any CPU
		{5E774C11-505E-4FEE-A4D0-68C11DFA1313}.Release|Any CPU.ActiveCfg = Release|Any CPU
		{5E774C11-505E-4FEE-A4D0-68C11DFA1313}.Release|Any CPU.Build.0 = Release|Any CPU
		{4F971D6A-9AE5-4E66-8CCF-A39E0989895C}.Debug|Any CPU.ActiveCfg = Debug|Any CPU
		{4F971D6A-9AE5-4E66-8CCF-A39E0989895C}.Debug|Any CPU.Build.0 = Debug|Any CPU
		{4F971D6A-9AE5-4E66-8CCF-A39E0989895C}.Release|Any CPU.ActiveCfg = Release|Any CPU
		{4F971D6A-9AE5-4E66-8CCF-A39E0989895C}.Release|Any CPU.Build.0 = Release|Any CPU
		{0FF022A1-9577-466D-9548-136137968AC7}.Debug|Any CPU.ActiveCfg = Debug|Any CPU
		{0FF022A1-9577-466D-9548-136137968AC7}.Debug|Any CPU.Build.0 = Debug|Any CPU
		{0FF022A1-9577-466D-9548-136137968AC7}.Release|Any CPU.ActiveCfg = Release|Any CPU
		{0FF022A1-9577-466D-9548-136137968AC7}.Release|Any CPU.Build.0 = Release|Any CPU
		{28EC5F37-BF53-4E09-AFC1-EBCEB92453E0}.Debug|Any CPU.ActiveCfg = Debug|Any CPU
		{28EC5F37-BF53-4E09-AFC1-EBCEB92453E0}.Debug|Any CPU.Build.0 = Debug|Any CPU
		{28EC5F37-BF53-4E09-AFC1-EBCEB92453E0}.Release|Any CPU.ActiveCfg = Release|Any CPU
		{28EC5F37-BF53-4E09-AFC1-EBCEB92453E0}.Release|Any CPU.Build.0 = Release|Any CPU
		{0318C2EF-33E6-490B-91FE-39189703BEE9}.Debug|Any CPU.ActiveCfg = Debug|Any CPU
		{0318C2EF-33E6-490B-91FE-39189703BEE9}.Debug|Any CPU.Build.0 = Debug|Any CPU
		{0318C2EF-33E6-490B-91FE-39189703BEE9}.Release|Any CPU.ActiveCfg = Release|Any CPU
		{0318C2EF-33E6-490B-91FE-39189703BEE9}.Release|Any CPU.Build.0 = Release|Any CPU
		{53D1D0CA-E970-4FC8-859E-4DCB1EA746DC}.Debug|Any CPU.ActiveCfg = Debug|Any CPU
		{53D1D0CA-E970-4FC8-859E-4DCB1EA746DC}.Debug|Any CPU.Build.0 = Debug|Any CPU
		{53D1D0CA-E970-4FC8-859E-4DCB1EA746DC}.Release|Any CPU.ActiveCfg = Release|Any CPU
		{53D1D0CA-E970-4FC8-859E-4DCB1EA746DC}.Release|Any CPU.Build.0 = Release|Any CPU
		{F714D1F8-AE56-4702-A765-0F5F50B27C9E}.Debug|Any CPU.ActiveCfg = Debug|Any CPU
		{F714D1F8-AE56-4702-A765-0F5F50B27C9E}.Debug|Any CPU.Build.0 = Debug|Any CPU
		{F714D1F8-AE56-4702-A765-0F5F50B27C9E}.Release|Any CPU.ActiveCfg = Release|Any CPU
		{F714D1F8-AE56-4702-A765-0F5F50B27C9E}.Release|Any CPU.Build.0 = Release|Any CPU
		{693F5D31-6B65-45B6-8167-7EC131EEA633}.Debug|Any CPU.ActiveCfg = Debug|Any CPU
		{693F5D31-6B65-45B6-8167-7EC131EEA633}.Debug|Any CPU.Build.0 = Debug|Any CPU
		{693F5D31-6B65-45B6-8167-7EC131EEA633}.Release|Any CPU.ActiveCfg = Release|Any CPU
		{693F5D31-6B65-45B6-8167-7EC131EEA633}.Release|Any CPU.Build.0 = Release|Any CPU
	EndGlobalSection
	GlobalSection(NestedProjects) = preSolution
		{8D4A8BB2-F0D7-4D2F-AF94-8225C7F1267B} = {F0FD980B-98EF-4167-8DA3-1F2091EB995E}
		{0FF022A1-9577-466D-9548-136137968AC7} = {F0FD980B-98EF-4167-8DA3-1F2091EB995E}
		{5E774C11-505E-4FEE-A4D0-68C11DFA1313} = {F0FD980B-98EF-4167-8DA3-1F2091EB995E}
		{28EC5F37-BF53-4E09-AFC1-EBCEB92453E0} = {F0FD980B-98EF-4167-8DA3-1F2091EB995E}
		{4F971D6A-9AE5-4E66-8CCF-A39E0989895C} = {F0FD980B-98EF-4167-8DA3-1F2091EB995E}
		{0318C2EF-33E6-490B-91FE-39189703BEE9} = {CDED015C-A563-4940-BF50-19B6939FCE05}
		{53D1D0CA-E970-4FC8-859E-4DCB1EA746DC} = {CDED015C-A563-4940-BF50-19B6939FCE05}
		{F714D1F8-AE56-4702-A765-0F5F50B27C9E} = {F0FD980B-98EF-4167-8DA3-1F2091EB995E}
		{693F5D31-6B65-45B6-8167-7EC131EEA633} = {F0FD980B-98EF-4167-8DA3-1F2091EB995E}
	EndGlobalSection
EndGlobal
