
Microsoft Visual Studio Solution File, Format Version 12.00
Project("{FAE04EC0-301F-11D3-BF4B-00C04F79EFBC}") = "ApiGateway", "ApiGateway\ApiGateway.csproj", "{8D4A8BB2-F0D7-4D2F-AF94-8225C7F1267B}"
EndProject
Project("{FAE04EC0-301F-11D3-BF4B-00C04F79EFBC}") = "DataAccess", "DataAccess\DataAccess.csproj", "{5E774C11-505E-4FEE-A4D0-68C11DFA1313}"
EndProject
Project("{FAE04EC0-301F-11D3-BF4B-00C04F79EFBC}") = "Util", "Util\Util.csproj", "{4F971D6A-9AE5-4E66-8CCF-A39E0989895C}"
EndProject
Project("{FAE04EC0-301F-11D3-BF4B-00C04F79EFBC}") = "Common", "Common\Common.csproj", "{0FF022A1-9577-466D-9548-136137968AC7}"
EndProject
Project("{FAE04EC0-301F-11D3-BF4B-00C04F79EFBC}") = "Telemetry", "Telemetry\Telemetry.csproj", "{28EC5F37-BF53-4E09-AFC1-EBCEB92453E0}"
EndProject
Global
	GlobalSection(SolutionConfigurationPlatforms) = preSolution
		Debug|Any CPU = Debug|Any CPU
		Release|Any CPU = Release|Any CPU
	EndGlobalSection
	GlobalSection(ProjectConfigurationPlatforms) = postSolution
		{8D4A8BB2-F0D7-4D2F-AF94-8225C7F1267B}.Debug|Any CPU.ActiveCfg = Debug|Any CPU
		{8D4A8BB2-F0D7-4D2F-AF94-8225C7F1267B}.Debug|Any CPU.Build.0 = Debug|Any CPU
		{8D4A8BB2-F0D7-4D2F-AF94-8225C7F1267B}.Release|Any CPU.ActiveCfg = Release|Any CPU
		{8D4A8BB2-F0D7-4D2F-AF94-8225C7F1267B}.Release|Any CPU.Build.0 = Release|Any CPU
		{5E774C11-505E-4FEE-A4D0-68C11DFA1313}.Debug|Any CPU.ActiveCfg = Debug|Any CPU
		{5E774C11-505E-4FEE-A4D0-68C11DFA1313}.Debug|Any CPU.Build.0 = Debug|Any CPU
		{5E774C11-505E-4FEE-A4D0-68C11DFA1313}.Release|Any CPU.ActiveCfg = Release|Any CPU
		{5E774C11-505E-4FEE-A4D0-68C11DFA1313}.Release|Any CPU.Build.0 = Release|Any CPU
		{4F971D6A-9AE5-4E66-8CCF-A39E0989895C}.Debug|Any CPU.ActiveCfg = Debug|Any CPU
		{4F971D6A-9AE5-4E66-8CCF-A39E0989895C}.Debug|Any CPU.Build.0 = Debug|Any CPU
		{4F971D6A-9AE5-4E66-8CCF-A39E0989895C}.Release|Any CPU.ActiveCfg = Release|Any CPU
		{4F971D6A-9AE5-4E66-8CCF-A39E0989895C}.Release|Any CPU.Build.0 = Release|Any CPU
		{0FF022A1-9577-466D-9548-136137968AC7}.Debug|Any CPU.ActiveCfg = Debug|Any CPU
		{0FF022A1-9577-466D-9548-136137968AC7}.Debug|Any CPU.Build.0 = Debug|Any CPU
		{0FF022A1-9577-466D-9548-136137968AC7}.Release|Any CPU.ActiveCfg = Release|Any CPU
		{0FF022A1-9577-466D-9548-136137968AC7}.Release|Any CPU.Build.0 = Release|Any CPU
		{28EC5F37-BF53-4E09-AFC1-EBCEB92453E0}.Debug|Any CPU.ActiveCfg = Debug|Any CPU
		{28EC5F37-BF53-4E09-AFC1-EBCEB92453E0}.Debug|Any CPU.Build.0 = Debug|Any CPU
		{28EC5F37-BF53-4E09-AFC1-EBCEB92453E0}.Release|Any CPU.ActiveCfg = Release|Any CPU
		{28EC5F37-BF53-4E09-AFC1-EBCEB92453E0}.Release|Any CPU.Build.0 = Release|Any CPU
	EndGlobalSection
EndGlobal
